// !$*UTF8*$!
{
	archiveVersion = 1;
	classes = {
	};
	objectVersion = 46;
	objects = {

/* Begin PBXBuildFile section */
		3F18E3FE14B7D6EE00303392 /* Cocoa.framework in Frameworks */ = {isa = PBXBuildFile; fileRef = 3F18E3FD14B7D6EE00303392 /* Cocoa.framework */; };
		3F18E40814B7D6EE00303392 /* InfoPlist.strings in Resources */ = {isa = PBXBuildFile; fileRef = 3F18E40614B7D6EE00303392 /* InfoPlist.strings */; };
		3F18E40A14B7D6EE00303392 /* main.m in Sources */ = {isa = PBXBuildFile; fileRef = 3F18E40914B7D6EE00303392 /* main.m */; };
		3F18E40E14B7D6EE00303392 /* Credits.rtf in Resources */ = {isa = PBXBuildFile; fileRef = 3F18E40C14B7D6EE00303392 /* Credits.rtf */; };
		3F18E41114B7D6EE00303392 /* MNAppDelegate.m in Sources */ = {isa = PBXBuildFile; fileRef = 3F18E41014B7D6EE00303392 /* MNAppDelegate.m */; };
		3F18E41414B7D6EE00303392 /* MainMenu.xib in Resources */ = {isa = PBXBuildFile; fileRef = 3F18E41214B7D6EE00303392 /* MainMenu.xib */; };
		3F18E44914B7D79700303392 /* MNArchiver.m in Sources */ = {isa = PBXBuildFile; fileRef = 3F18E44814B7D79700303392 /* MNArchiver.m */; };
		3F18E45014B7D8B900303392 /* MNUnarchiver.m in Sources */ = {isa = PBXBuildFile; fileRef = 3F18E44F14B7D8B900303392 /* MNUnarchiver.m */; };
		3F18E46014B7DB4600303392 /* MNFont.m in Sources */ = {isa = PBXBuildFile; fileRef = 3F18E45F14B7DB4600303392 /* MNFont.m */; };
		3F18E46314B7DB5300303392 /* MNColor.m in Sources */ = {isa = PBXBuildFile; fileRef = 3F18E46214B7DB5300303392 /* MNColor.m */; };
		3F54A0AC14C3535D003D5928 /* MNAttributedString.m in Sources */ = {isa = PBXBuildFile; fileRef = 3F54A0AB14C3535D003D5928 /* MNAttributedString.m */; };
		3F54A0C214C357AC003D5928 /* MNASParagraphyStyle.m in Sources */ = {isa = PBXBuildFile; fileRef = 3F54A0C114C357AC003D5928 /* MNASParagraphyStyle.m */; };
		3F54A0C514C357B8003D5928 /* MNASGlyphInfo.m in Sources */ = {isa = PBXBuildFile; fileRef = 3F54A0C414C357B8003D5928 /* MNASGlyphInfo.m */; };
		3F54A0D814C36BD2003D5928 /* MNASTextTab.m in Sources */ = {isa = PBXBuildFile; fileRef = 3F54A0D714C36BD2003D5928 /* MNASTextTab.m */; };
		3F8561BE14CAB97800B7FE8D /* MNASCharacterShape.m in Sources */ = {isa = PBXBuildFile; fileRef = 3F8561BD14CAB97800B7FE8D /* MNASCharacterShape.m */; };
		3F8561C614CAC67C00B7FE8D /* MNCoder.m in Sources */ = {isa = PBXBuildFile; fileRef = 3F8561C514CAC67C00B7FE8D /* MNCoder.m */; };
		3F8561DE14CB705100B7FE8D /* MNASKern.m in Sources */ = {isa = PBXBuildFile; fileRef = 3F8561DD14CB705100B7FE8D /* MNASKern.m */; };
		3F8561E414CB708500B7FE8D /* MNASLigature.m in Sources */ = {isa = PBXBuildFile; fileRef = 3F8561E314CB708500B7FE8D /* MNASLigature.m */; };
		3F8561E714CB711300B7FE8D /* MNASStrokeWidth.m in Sources */ = {isa = PBXBuildFile; fileRef = 3F8561E614CB711300B7FE8D /* MNASStrokeWidth.m */; };
		3FD4555714CC6D8700D2AABF /* MNASSuperScript.m in Sources */ = {isa = PBXBuildFile; fileRef = 3FD4555614CC6D8700D2AABF /* MNASSuperScript.m */; };
		3FD4555F14CC6E5700D2AABF /* MNASUnderlineStyle.m in Sources */ = {isa = PBXBuildFile; fileRef = 3FD4555E14CC6E5700D2AABF /* MNASUnderlineStyle.m */; };
		3FD4556514CC6F7300D2AABF /* MNASForegroundColor.m in Sources */ = {isa = PBXBuildFile; fileRef = 3FD4556414CC6F7300D2AABF /* MNASForegroundColor.m */; };
		3FD4556B14CC746D00D2AABF /* MNASStrokeColor.m in Sources */ = {isa = PBXBuildFile; fileRef = 3FD4556A14CC746D00D2AABF /* MNASStrokeColor.m */; };
		3FD4556E14CC74D600D2AABF /* MNASUnderlineColor.m in Sources */ = {isa = PBXBuildFile; fileRef = 3FD4556D14CC74D600D2AABF /* MNASUnderlineColor.m */; };
		3FD4557714CC7A4600D2AABF /* MNASVerticalForms.m in Sources */ = {isa = PBXBuildFile; fileRef = 3FD4557614CC7A4500D2AABF /* MNASVerticalForms.m */; };
		3FE9DD7B14BAF36D00261727 /* Foundation.framework in Frameworks */ = {isa = PBXBuildFile; fileRef = 3F18E40214B7D6EE00303392 /* Foundation.framework */; };
/* End PBXBuildFile section */

/* Begin PBXFileReference section */
		3F18E3F914B7D6EE00303392 /* Mac.app */ = {isa = PBXFileReference; explicitFileType = wrapper.application; includeInIndex = 0; path = Mac.app; sourceTree = BUILT_PRODUCTS_DIR; };
		3F18E3FD14B7D6EE00303392 /* Cocoa.framework */ = {isa = PBXFileReference; lastKnownFileType = wrapper.framework; name = Cocoa.framework; path = System/Library/Frameworks/Cocoa.framework; sourceTree = SDKROOT; };
		3F18E40014B7D6EE00303392 /* AppKit.framework */ = {isa = PBXFileReference; lastKnownFileType = wrapper.framework; name = AppKit.framework; path = System/Library/Frameworks/AppKit.framework; sourceTree = SDKROOT; };
		3F18E40114B7D6EE00303392 /* CoreData.framework */ = {isa = PBXFileReference; lastKnownFileType = wrapper.framework; name = CoreData.framework; path = System/Library/Frameworks/CoreData.framework; sourceTree = SDKROOT; };
		3F18E40214B7D6EE00303392 /* Foundation.framework */ = {isa = PBXFileReference; lastKnownFileType = wrapper.framework; name = Foundation.framework; path = System/Library/Frameworks/Foundation.framework; sourceTree = SDKROOT; };
		3F18E40514B7D6EE00303392 /* Mac-Info.plist */ = {isa = PBXFileReference; lastKnownFileType = text.plist.xml; path = "Mac-Info.plist"; sourceTree = "<group>"; };
		3F18E40714B7D6EE00303392 /* en */ = {isa = PBXFileReference; lastKnownFileType = text.plist.strings; name = en; path = en.lproj/InfoPlist.strings; sourceTree = "<group>"; };
		3F18E40914B7D6EE00303392 /* main.m */ = {isa = PBXFileReference; lastKnownFileType = sourcecode.c.objc; path = main.m; sourceTree = "<group>"; };
		3F18E40B14B7D6EE00303392 /* Mac-Prefix.pch */ = {isa = PBXFileReference; lastKnownFileType = sourcecode.c.h; path = "Mac-Prefix.pch"; sourceTree = "<group>"; };
		3F18E40D14B7D6EE00303392 /* en */ = {isa = PBXFileReference; lastKnownFileType = text.rtf; name = en; path = en.lproj/Credits.rtf; sourceTree = "<group>"; };
		3F18E40F14B7D6EE00303392 /* MNAppDelegate.h */ = {isa = PBXFileReference; lastKnownFileType = sourcecode.c.h; path = MNAppDelegate.h; sourceTree = "<group>"; };
		3F18E41014B7D6EE00303392 /* MNAppDelegate.m */ = {isa = PBXFileReference; lastKnownFileType = sourcecode.c.objc; path = MNAppDelegate.m; sourceTree = "<group>"; };
		3F18E41314B7D6EE00303392 /* en */ = {isa = PBXFileReference; lastKnownFileType = file.xib; name = en; path = en.lproj/MainMenu.xib; sourceTree = "<group>"; };
		3F18E44714B7D79700303392 /* MNArchiver.h */ = {isa = PBXFileReference; fileEncoding = 4; lastKnownFileType = sourcecode.c.h; name = MNArchiver.h; path = ../MNCoder/MNArchiver.h; sourceTree = "<group>"; };
		3F18E44814B7D79700303392 /* MNArchiver.m */ = {isa = PBXFileReference; fileEncoding = 4; lastKnownFileType = sourcecode.c.objc; name = MNArchiver.m; path = ../MNCoder/MNArchiver.m; sourceTree = "<group>"; };
		3F18E44E14B7D8B900303392 /* MNUnarchiver.h */ = {isa = PBXFileReference; fileEncoding = 4; lastKnownFileType = sourcecode.c.h; name = MNUnarchiver.h; path = ../MNCoder/MNUnarchiver.h; sourceTree = "<group>"; };
		3F18E44F14B7D8B900303392 /* MNUnarchiver.m */ = {isa = PBXFileReference; fileEncoding = 4; lastKnownFileType = sourcecode.c.objc; name = MNUnarchiver.m; path = ../MNCoder/MNUnarchiver.m; sourceTree = "<group>"; };
		3F18E45E14B7DB4600303392 /* MNFont.h */ = {isa = PBXFileReference; fileEncoding = 4; lastKnownFileType = sourcecode.c.h; name = MNFont.h; path = ../MNCoder/IntermediateObjects/MNFont.h; sourceTree = "<group>"; };
		3F18E45F14B7DB4600303392 /* MNFont.m */ = {isa = PBXFileReference; fileEncoding = 4; lastKnownFileType = sourcecode.c.objc; name = MNFont.m; path = ../MNCoder/IntermediateObjects/MNFont.m; sourceTree = "<group>"; };
		3F18E46114B7DB5300303392 /* MNColor.h */ = {isa = PBXFileReference; fileEncoding = 4; lastKnownFileType = sourcecode.c.h; name = MNColor.h; path = ../MNCoder/IntermediateObjects/MNColor.h; sourceTree = "<group>"; };
		3F18E46214B7DB5300303392 /* MNColor.m */ = {isa = PBXFileReference; fileEncoding = 4; lastKnownFileType = sourcecode.c.objc; name = MNColor.m; path = ../MNCoder/IntermediateObjects/MNColor.m; sourceTree = "<group>"; };
		3F2E56DB14B82A3800B9A12E /* MNCIntermediateObjectProtocol.h */ = {isa = PBXFileReference; fileEncoding = 4; lastKnownFileType = sourcecode.c.h; name = MNCIntermediateObjectProtocol.h; path = ../MNCoder/MNCIntermediateObjectProtocol.h; sourceTree = "<group>"; };
		3F54A0AA14C3535D003D5928 /* MNAttributedString.h */ = {isa = PBXFileReference; fileEncoding = 4; lastKnownFileType = sourcecode.c.h; name = MNAttributedString.h; path = ../MNCoder/IntermediateObjects/MNAttributedString.h; sourceTree = "<group>"; };
		3F54A0AB14C3535D003D5928 /* MNAttributedString.m */ = {isa = PBXFileReference; fileEncoding = 4; lastKnownFileType = sourcecode.c.objc; name = MNAttributedString.m; path = ../MNCoder/IntermediateObjects/MNAttributedString.m; sourceTree = "<group>"; };
		3F54A0C014C357AC003D5928 /* MNASParagraphyStyle.h */ = {isa = PBXFileReference; fileEncoding = 4; lastKnownFileType = sourcecode.c.h; path = MNASParagraphyStyle.h; sourceTree = "<group>"; };
		3F54A0C114C357AC003D5928 /* MNASParagraphyStyle.m */ = {isa = PBXFileReference; fileEncoding = 4; lastKnownFileType = sourcecode.c.objc; path = MNASParagraphyStyle.m; sourceTree = "<group>"; };
		3F54A0C314C357B8003D5928 /* MNASGlyphInfo.h */ = {isa = PBXFileReference; fileEncoding = 4; lastKnownFileType = sourcecode.c.h; path = MNASGlyphInfo.h; sourceTree = "<group>"; };
		3F54A0C414C357B8003D5928 /* MNASGlyphInfo.m */ = {isa = PBXFileReference; fileEncoding = 4; lastKnownFileType = sourcecode.c.objc; path = MNASGlyphInfo.m; sourceTree = "<group>"; };
		3F54A0D614C36BD2003D5928 /* MNASTextTab.h */ = {isa = PBXFileReference; fileEncoding = 4; lastKnownFileType = sourcecode.c.h; path = MNASTextTab.h; sourceTree = "<group>"; };
		3F54A0D714C36BD2003D5928 /* MNASTextTab.m */ = {isa = PBXFileReference; fileEncoding = 4; lastKnownFileType = sourcecode.c.objc; path = MNASTextTab.m; sourceTree = "<group>"; };
		3F8561BC14CAB97800B7FE8D /* MNASCharacterShape.h */ = {isa = PBXFileReference; fileEncoding = 4; lastKnownFileType = sourcecode.c.h; path = MNASCharacterShape.h; sourceTree = "<group>"; };
		3F8561BD14CAB97800B7FE8D /* MNASCharacterShape.m */ = {isa = PBXFileReference; fileEncoding = 4; lastKnownFileType = sourcecode.c.objc; path = MNASCharacterShape.m; sourceTree = "<group>"; };
		3F8561C414CAC67C00B7FE8D /* MNCoder.h */ = {isa = PBXFileReference; fileEncoding = 4; lastKnownFileType = sourcecode.c.h; name = MNCoder.h; path = ../MNCoder/MNCoder.h; sourceTree = "<group>"; };
		3F8561C514CAC67C00B7FE8D /* MNCoder.m */ = {isa = PBXFileReference; fileEncoding = 4; lastKnownFileType = sourcecode.c.objc; name = MNCoder.m; path = ../MNCoder/MNCoder.m; sourceTree = "<group>"; };
		3F8561DC14CB705100B7FE8D /* MNASKern.h */ = {isa = PBXFileReference; fileEncoding = 4; lastKnownFileType = sourcecode.c.h; path = MNASKern.h; sourceTree = "<group>"; };
		3F8561DD14CB705100B7FE8D /* MNASKern.m */ = {isa = PBXFileReference; fileEncoding = 4; lastKnownFileType = sourcecode.c.objc; path = MNASKern.m; sourceTree = "<group>"; };
		3F8561E214CB708500B7FE8D /* MNASLigature.h */ = {isa = PBXFileReference; fileEncoding = 4; lastKnownFileType = sourcecode.c.h; path = MNASLigature.h; sourceTree = "<group>"; };
		3F8561E314CB708500B7FE8D /* MNASLigature.m */ = {isa = PBXFileReference; fileEncoding = 4; lastKnownFileType = sourcecode.c.objc; path = MNASLigature.m; sourceTree = "<group>"; };
		3F8561E514CB711300B7FE8D /* MNASStrokeWidth.h */ = {isa = PBXFileReference; fileEncoding = 4; lastKnownFileType = sourcecode.c.h; path = MNASStrokeWidth.h; sourceTree = "<group>"; };
		3F8561E614CB711300B7FE8D /* MNASStrokeWidth.m */ = {isa = PBXFileReference; fileEncoding = 4; lastKnownFileType = sourcecode.c.objc; path = MNASStrokeWidth.m; sourceTree = "<group>"; };
		3FD4555514CC6D8700D2AABF /* MNASSuperScript.h */ = {isa = PBXFileReference; fileEncoding = 4; lastKnownFileType = sourcecode.c.h; path = MNASSuperScript.h; sourceTree = "<group>"; };
		3FD4555614CC6D8700D2AABF /* MNASSuperScript.m */ = {isa = PBXFileReference; fileEncoding = 4; lastKnownFileType = sourcecode.c.objc; path = MNASSuperScript.m; sourceTree = "<group>"; };
		3FD4555D14CC6E5700D2AABF /* MNASUnderlineStyle.h */ = {isa = PBXFileReference; fileEncoding = 4; lastKnownFileType = sourcecode.c.h; path = MNASUnderlineStyle.h; sourceTree = "<group>"; };
		3FD4555E14CC6E5700D2AABF /* MNASUnderlineStyle.m */ = {isa = PBXFileReference; fileEncoding = 4; lastKnownFileType = sourcecode.c.objc; path = MNASUnderlineStyle.m; sourceTree = "<group>"; };
		3FD4556314CC6F7300D2AABF /* MNASForegroundColor.h */ = {isa = PBXFileReference; fileEncoding = 4; lastKnownFileType = sourcecode.c.h; path = MNASForegroundColor.h; sourceTree = "<group>"; };
		3FD4556414CC6F7300D2AABF /* MNASForegroundColor.m */ = {isa = PBXFileReference; fileEncoding = 4; lastKnownFileType = sourcecode.c.objc; path = MNASForegroundColor.m; sourceTree = "<group>"; };
		3FD4556914CC746C00D2AABF /* MNASStrokeColor.h */ = {isa = PBXFileReference; fileEncoding = 4; lastKnownFileType = sourcecode.c.h; path = MNASStrokeColor.h; sourceTree = "<group>"; };
		3FD4556A14CC746D00D2AABF /* MNASStrokeColor.m */ = {isa = PBXFileReference; fileEncoding = 4; lastKnownFileType = sourcecode.c.objc; path = MNASStrokeColor.m; sourceTree = "<group>"; };
		3FD4556C14CC74D600D2AABF /* MNASUnderlineColor.h */ = {isa = PBXFileReference; fileEncoding = 4; lastKnownFileType = sourcecode.c.h; path = MNASUnderlineColor.h; sourceTree = "<group>"; };
		3FD4556D14CC74D600D2AABF /* MNASUnderlineColor.m */ = {isa = PBXFileReference; fileEncoding = 4; lastKnownFileType = sourcecode.c.objc; path = MNASUnderlineColor.m; sourceTree = "<group>"; };
		3FD4557514CC7A4500D2AABF /* MNASVerticalForms.h */ = {isa = PBXFileReference; fileEncoding = 4; lastKnownFileType = sourcecode.c.h; path = MNASVerticalForms.h; sourceTree = "<group>"; };
		3FD4557614CC7A4500D2AABF /* MNASVerticalForms.m */ = {isa = PBXFileReference; fileEncoding = 4; lastKnownFileType = sourcecode.c.objc; path = MNASVerticalForms.m; sourceTree = "<group>"; };
/* End PBXFileReference section */

/* Begin PBXFrameworksBuildPhase section */
		3F18E3F614B7D6EE00303392 /* Frameworks */ = {
			isa = PBXFrameworksBuildPhase;
			buildActionMask = 2147483647;
			files = (
				3FE9DD7B14BAF36D00261727 /* Foundation.framework in Frameworks */,
				3F18E3FE14B7D6EE00303392 /* Cocoa.framework in Frameworks */,
			);
			runOnlyForDeploymentPostprocessing = 0;
		};
/* End PBXFrameworksBuildPhase section */

/* Begin PBXGroup section */
		3F18E3EE14B7D6ED00303392 = {
			isa = PBXGroup;
			children = (
				3F18E44614B7D77700303392 /* MNCoder */,
				3F18E40314B7D6EE00303392 /* Mac */,
				3F18E3FC14B7D6EE00303392 /* Frameworks */,
				3F18E3FA14B7D6EE00303392 /* Products */,
			);
			sourceTree = "<group>";
		};
		3F18E3FA14B7D6EE00303392 /* Products */ = {
			isa = PBXGroup;
			children = (
				3F18E3F914B7D6EE00303392 /* Mac.app */,
			);
			name = Products;
			sourceTree = "<group>";
		};
		3F18E3FC14B7D6EE00303392 /* Frameworks */ = {
			isa = PBXGroup;
			children = (
				3F18E3FD14B7D6EE00303392 /* Cocoa.framework */,
				3F18E3FF14B7D6EE00303392 /* Other Frameworks */,
			);
			name = Frameworks;
			sourceTree = "<group>";
		};
		3F18E3FF14B7D6EE00303392 /* Other Frameworks */ = {
			isa = PBXGroup;
			children = (
				3F18E40014B7D6EE00303392 /* AppKit.framework */,
				3F18E40114B7D6EE00303392 /* CoreData.framework */,
				3F18E40214B7D6EE00303392 /* Foundation.framework */,
			);
			name = "Other Frameworks";
			sourceTree = "<group>";
		};
		3F18E40314B7D6EE00303392 /* Mac */ = {
			isa = PBXGroup;
			children = (
				3F18E40F14B7D6EE00303392 /* MNAppDelegate.h */,
				3F18E41014B7D6EE00303392 /* MNAppDelegate.m */,
				3F18E41214B7D6EE00303392 /* MainMenu.xib */,
				3F18E40414B7D6EE00303392 /* Supporting Files */,
			);
			path = Mac;
			sourceTree = "<group>";
		};
		3F18E40414B7D6EE00303392 /* Supporting Files */ = {
			isa = PBXGroup;
			children = (
				3F18E40514B7D6EE00303392 /* Mac-Info.plist */,
				3F18E40614B7D6EE00303392 /* InfoPlist.strings */,
				3F18E40914B7D6EE00303392 /* main.m */,
				3F18E40B14B7D6EE00303392 /* Mac-Prefix.pch */,
				3F18E40C14B7D6EE00303392 /* Credits.rtf */,
			);
			name = "Supporting Files";
			sourceTree = "<group>";
		};
		3F18E44614B7D77700303392 /* MNCoder */ = {
			isa = PBXGroup;
			children = (
				3F2E56DB14B82A3800B9A12E /* MNCIntermediateObjectProtocol.h */,
				3F18E45C14B7DB2C00303392 /* Intermediate Objects */,
				3F18E44714B7D79700303392 /* MNArchiver.h */,
				3F18E44814B7D79700303392 /* MNArchiver.m */,
				3F18E44E14B7D8B900303392 /* MNUnarchiver.h */,
				3F18E44F14B7D8B900303392 /* MNUnarchiver.m */,
				3F8561C414CAC67C00B7FE8D /* MNCoder.h */,
				3F8561C514CAC67C00B7FE8D /* MNCoder.m */,
			);
			name = MNCoder;
			sourceTree = "<group>";
		};
		3F18E45C14B7DB2C00303392 /* Intermediate Objects */ = {
			isa = PBXGroup;
			children = (
				3F54A0AA14C3535D003D5928 /* MNAttributedString.h */,
				3F54A0AB14C3535D003D5928 /* MNAttributedString.m */,
				3F54A0A914C3535D003D5928 /* NSAttributedStrings */,
				3F18E45E14B7DB4600303392 /* MNFont.h */,
				3F18E45F14B7DB4600303392 /* MNFont.m */,
				3F18E46114B7DB5300303392 /* MNColor.h */,
				3F18E46214B7DB5300303392 /* MNColor.m */,
			);
			name = "Intermediate Objects";
			sourceTree = "<group>";
		};
		3F54A0A914C3535D003D5928 /* NSAttributedStrings */ = {
			isa = PBXGroup;
			children = (
				3F54A0C014C357AC003D5928 /* MNASParagraphyStyle.h */,
				3F54A0C114C357AC003D5928 /* MNASParagraphyStyle.m */,
				3F54A0C314C357B8003D5928 /* MNASGlyphInfo.h */,
				3F54A0C414C357B8003D5928 /* MNASGlyphInfo.m */,
				3F54A0D614C36BD2003D5928 /* MNASTextTab.h */,
				3F54A0D714C36BD2003D5928 /* MNASTextTab.m */,
				3F8561BC14CAB97800B7FE8D /* MNASCharacterShape.h */,
				3F8561BD14CAB97800B7FE8D /* MNASCharacterShape.m */,
				3F8561DC14CB705100B7FE8D /* MNASKern.h */,
				3F8561DD14CB705100B7FE8D /* MNASKern.m */,
				3F8561E214CB708500B7FE8D /* MNASLigature.h */,
				3F8561E314CB708500B7FE8D /* MNASLigature.m */,
				3F8561E514CB711300B7FE8D /* MNASStrokeWidth.h */,
				3F8561E614CB711300B7FE8D /* MNASStrokeWidth.m */,
				3FD4555514CC6D8700D2AABF /* MNASSuperScript.h */,
				3FD4555614CC6D8700D2AABF /* MNASSuperScript.m */,
				3FD4555D14CC6E5700D2AABF /* MNASUnderlineStyle.h */,
				3FD4555E14CC6E5700D2AABF /* MNASUnderlineStyle.m */,
				3FD4556314CC6F7300D2AABF /* MNASForegroundColor.h */,
				3FD4556414CC6F7300D2AABF /* MNASForegroundColor.m */,
				3FD4556914CC746C00D2AABF /* MNASStrokeColor.h */,
				3FD4556A14CC746D00D2AABF /* MNASStrokeColor.m */,
				3FD4556C14CC74D600D2AABF /* MNASUnderlineColor.h */,
				3FD4556D14CC74D600D2AABF /* MNASUnderlineColor.m */,
				3FD4557514CC7A4500D2AABF /* MNASVerticalForms.h */,
				3FD4557614CC7A4500D2AABF /* MNASVerticalForms.m */,
			);
			name = NSAttributedStrings;
			path = ../MNCoder/IntermediateObjects/NSAttributedStrings;
			sourceTree = "<group>";
		};
/* End PBXGroup section */

/* Begin PBXNativeTarget section */
		3F18E3F814B7D6EE00303392 /* Mac */ = {
			isa = PBXNativeTarget;
			buildConfigurationList = 3F18E41714B7D6EE00303392 /* Build configuration list for PBXNativeTarget "Mac" */;
			buildPhases = (
				3F18E3F514B7D6EE00303392 /* Sources */,
				3F18E3F614B7D6EE00303392 /* Frameworks */,
				3F18E3F714B7D6EE00303392 /* Resources */,
			);
			buildRules = (
			);
			dependencies = (
			);
			name = Mac;
			productName = Mac;
			productReference = 3F18E3F914B7D6EE00303392 /* Mac.app */;
			productType = "com.apple.product-type.application";
		};
/* End PBXNativeTarget section */

/* Begin PBXProject section */
		3F18E3F014B7D6ED00303392 /* Project object */ = {
			isa = PBXProject;
			attributes = {
				LastUpgradeCheck = 0420;
			};
			buildConfigurationList = 3F18E3F314B7D6ED00303392 /* Build configuration list for PBXProject "Mac" */;
			compatibilityVersion = "Xcode 3.2";
			developmentRegion = English;
			hasScannedForEncodings = 0;
			knownRegions = (
				en,
			);
			mainGroup = 3F18E3EE14B7D6ED00303392;
			productRefGroup = 3F18E3FA14B7D6EE00303392 /* Products */;
			projectDirPath = "";
			projectRoot = "";
			targets = (
				3F18E3F814B7D6EE00303392 /* Mac */,
			);
		};
/* End PBXProject section */

/* Begin PBXResourcesBuildPhase section */
		3F18E3F714B7D6EE00303392 /* Resources */ = {
			isa = PBXResourcesBuildPhase;
			buildActionMask = 2147483647;
			files = (
				3F18E40814B7D6EE00303392 /* InfoPlist.strings in Resources */,
				3F18E40E14B7D6EE00303392 /* Credits.rtf in Resources */,
				3F18E41414B7D6EE00303392 /* MainMenu.xib in Resources */,
			);
			runOnlyForDeploymentPostprocessing = 0;
		};
/* End PBXResourcesBuildPhase section */

/* Begin PBXSourcesBuildPhase section */
		3F18E3F514B7D6EE00303392 /* Sources */ = {
			isa = PBXSourcesBuildPhase;
			buildActionMask = 2147483647;
			files = (
				3F18E40A14B7D6EE00303392 /* main.m in Sources */,
				3F18E41114B7D6EE00303392 /* MNAppDelegate.m in Sources */,
				3F18E44914B7D79700303392 /* MNArchiver.m in Sources */,
				3F18E45014B7D8B900303392 /* MNUnarchiver.m in Sources */,
				3F18E46014B7DB4600303392 /* MNFont.m in Sources */,
				3F18E46314B7DB5300303392 /* MNColor.m in Sources */,
				3F54A0AC14C3535D003D5928 /* MNAttributedString.m in Sources */,
				3F54A0C214C357AC003D5928 /* MNASParagraphyStyle.m in Sources */,
				3F54A0C514C357B8003D5928 /* MNASGlyphInfo.m in Sources */,
				3F54A0D814C36BD2003D5928 /* MNASTextTab.m in Sources */,
				3F8561BE14CAB97800B7FE8D /* MNASCharacterShape.m in Sources */,
				3F8561C614CAC67C00B7FE8D /* MNCoder.m in Sources */,
				3F8561DE14CB705100B7FE8D /* MNASKern.m in Sources */,
				3F8561E414CB708500B7FE8D /* MNASLigature.m in Sources */,
				3F8561E714CB711300B7FE8D /* MNASStrokeWidth.m in Sources */,
				3FD4555714CC6D8700D2AABF /* MNASSuperScript.m in Sources */,
				3FD4555F14CC6E5700D2AABF /* MNASUnderlineStyle.m in Sources */,
				3FD4556514CC6F7300D2AABF /* MNASForegroundColor.m in Sources */,
				3FD4556B14CC746D00D2AABF /* MNASStrokeColor.m in Sources */,
				3FD4556E14CC74D600D2AABF /* MNASUnderlineColor.m in Sources */,
				3FD4557714CC7A4600D2AABF /* MNASVerticalForms.m in Sources */,
			);
			runOnlyForDeploymentPostprocessing = 0;
		};
/* End PBXSourcesBuildPhase section */

/* Begin PBXVariantGroup section */
		3F18E40614B7D6EE00303392 /* InfoPlist.strings */ = {
			isa = PBXVariantGroup;
			children = (
				3F18E40714B7D6EE00303392 /* en */,
			);
			name = InfoPlist.strings;
			sourceTree = "<group>";
		};
		3F18E40C14B7D6EE00303392 /* Credits.rtf */ = {
			isa = PBXVariantGroup;
			children = (
				3F18E40D14B7D6EE00303392 /* en */,
			);
			name = Credits.rtf;
			sourceTree = "<group>";
		};
		3F18E41214B7D6EE00303392 /* MainMenu.xib */ = {
			isa = PBXVariantGroup;
			children = (
				3F18E41314B7D6EE00303392 /* en */,
			);
			name = MainMenu.xib;
			sourceTree = "<group>";
		};
/* End PBXVariantGroup section */

/* Begin XCBuildConfiguration section */
		3F18E41514B7D6EE00303392 /* Debug */ = {
			isa = XCBuildConfiguration;
			buildSettings = {
				ALWAYS_SEARCH_USER_PATHS = NO;
				ARCHS = "$(ARCHS_STANDARD_64_BIT)";
				COPY_PHASE_STRIP = NO;
				GCC_C_LANGUAGE_STANDARD = gnu99;
				GCC_DYNAMIC_NO_PIC = NO;
				GCC_ENABLE_OBJC_EXCEPTIONS = YES;
				GCC_OPTIMIZATION_LEVEL = 0;
				GCC_PREPROCESSOR_DEFINITIONS = (
					"DEBUG=1",
					"$(inherited)",
				);
				GCC_SYMBOLS_PRIVATE_EXTERN = NO;
				GCC_VERSION = com.apple.compilers.llvm.clang.1_0;
				GCC_WARN_64_TO_32_BIT_CONVERSION = YES;
				GCC_WARN_ABOUT_MISSING_PROTOTYPES = YES;
				GCC_WARN_ABOUT_RETURN_TYPE = YES;
				GCC_WARN_UNUSED_VARIABLE = YES;
				MACOSX_DEPLOYMENT_TARGET = 10.7;
				ONLY_ACTIVE_ARCH = YES;
				SDKROOT = macosx;
			};
			name = Debug;
		};
		3F18E41614B7D6EE00303392 /* Release */ = {
			isa = XCBuildConfiguration;
			buildSettings = {
				ALWAYS_SEARCH_USER_PATHS = NO;
				ARCHS = "$(ARCHS_STANDARD_64_BIT)";
				COPY_PHASE_STRIP = YES;
				DEBUG_INFORMATION_FORMAT = "dwarf-with-dsym";
				GCC_C_LANGUAGE_STANDARD = gnu99;
				GCC_ENABLE_OBJC_EXCEPTIONS = YES;
				GCC_VERSION = com.apple.compilers.llvm.clang.1_0;
				GCC_WARN_64_TO_32_BIT_CONVERSION = YES;
				GCC_WARN_ABOUT_MISSING_PROTOTYPES = YES;
				GCC_WARN_ABOUT_RETURN_TYPE = YES;
				GCC_WARN_UNUSED_VARIABLE = YES;
				MACOSX_DEPLOYMENT_TARGET = 10.7;
				SDKROOT = macosx;
			};
			name = Release;
		};
		3F18E41814B7D6EE00303392 /* Debug */ = {
			isa = XCBuildConfiguration;
			buildSettings = {
				ARCHS = "$(ARCHS_STANDARD_32_64_BIT)";
				GCC_PRECOMPILE_PREFIX_HEADER = YES;
				GCC_PREFIX_HEADER = "Mac/Mac-Prefix.pch";
				INFOPLIST_FILE = "Mac/Mac-Info.plist";
				PRODUCT_NAME = "$(TARGET_NAME)";
				WRAPPER_EXTENSION = app;
			};
			name = Debug;
		};
		3F18E41914B7D6EE00303392 /* Release */ = {
			isa = XCBuildConfiguration;
			buildSettings = {
				ARCHS = "$(ARCHS_STANDARD_32_64_BIT)";
				GCC_PRECOMPILE_PREFIX_HEADER = YES;
				GCC_PREFIX_HEADER = "Mac/Mac-Prefix.pch";
				INFOPLIST_FILE = "Mac/Mac-Info.plist";
				PRODUCT_NAME = "$(TARGET_NAME)";
				WRAPPER_EXTENSION = app;
			};
			name = Release;
		};
/* End XCBuildConfiguration section */

/* Begin XCConfigurationList section */
		3F18E3F314B7D6ED00303392 /* Build configuration list for PBXProject "Mac" */ = {
			isa = XCConfigurationList;
			buildConfigurations = (
				3F18E41514B7D6EE00303392 /* Debug */,
				3F18E41614B7D6EE00303392 /* Release */,
			);
			defaultConfigurationIsVisible = 0;
			defaultConfigurationName = Release;
		};
		3F18E41714B7D6EE00303392 /* Build configuration list for PBXNativeTarget "Mac" */ = {
			isa = XCConfigurationList;
			buildConfigurations = (
				3F18E41814B7D6EE00303392 /* Debug */,
				3F18E41914B7D6EE00303392 /* Release */,
			);
			defaultConfigurationIsVisible = 0;
			defaultConfigurationName = Release;
		};
/* End XCConfigurationList section */
	};
	rootObject = 3F18E3F014B7D6ED00303392 /* Project object */;
}
