// !$*UTF8*$!
{
	archiveVersion = 1;
	classes = {
	};
	objectVersion = 46;
	objects = {

/* Begin PBXBuildFile section */
		3F18E42A14B7D74600303392 /* UIKit.framework in Frameworks */ = {isa = PBXBuildFile; fileRef = 3F18E42914B7D74600303392 /* UIKit.framework */; };
		3F18E42C14B7D74600303392 /* Foundation.framework in Frameworks */ = {isa = PBXBuildFile; fileRef = 3F18E42B14B7D74600303392 /* Foundation.framework */; };
		3F18E42E14B7D74600303392 /* CoreGraphics.framework in Frameworks */ = {isa = PBXBuildFile; fileRef = 3F18E42D14B7D74600303392 /* CoreGraphics.framework */; };
		3F18E43414B7D74600303392 /* InfoPlist.strings in Resources */ = {isa = PBXBuildFile; fileRef = 3F18E43214B7D74600303392 /* InfoPlist.strings */; };
		3F18E43614B7D74600303392 /* main.m in Sources */ = {isa = PBXBuildFile; fileRef = 3F18E43514B7D74600303392 /* main.m */; };
		3F18E43A14B7D74600303392 /* MNAppDelegate.m in Sources */ = {isa = PBXBuildFile; fileRef = 3F18E43914B7D74600303392 /* MNAppDelegate.m */; };
		3F18E43D14B7D74600303392 /* MNViewController.m in Sources */ = {isa = PBXBuildFile; fileRef = 3F18E43C14B7D74600303392 /* MNViewController.m */; };
		3F18E44014B7D74600303392 /* MNViewController.xib in Resources */ = {isa = PBXBuildFile; fileRef = 3F18E43E14B7D74600303392 /* MNViewController.xib */; };
		3F18E44D14B7D7A300303392 /* MNArchiver.m in Sources */ = {isa = PBXBuildFile; fileRef = 3F18E44C14B7D7A300303392 /* MNArchiver.m */; };
		3F18E45314B7D8C800303392 /* MNUnarchiver.m in Sources */ = {isa = PBXBuildFile; fileRef = 3F18E45214B7D8C800303392 /* MNUnarchiver.m */; };
		3F18E46914B7DB5800303392 /* MNFont.m in Sources */ = {isa = PBXBuildFile; fileRef = 3F18E46614B7DB5800303392 /* MNFont.m */; };
		3F18E46A14B7DB5800303392 /* MNColor.m in Sources */ = {isa = PBXBuildFile; fileRef = 3F18E46814B7DB5800303392 /* MNColor.m */; };
		3F54A0B014C35365003D5928 /* MNAttributedString.m in Sources */ = {isa = PBXBuildFile; fileRef = 3F54A0AF14C35365003D5928 /* MNAttributedString.m */; };
		3F54A0CA14C35DD9003D5928 /* MNASParagraphyStyle.m in Sources */ = {isa = PBXBuildFile; fileRef = 3F54A0C714C35DD9003D5928 /* MNASParagraphyStyle.m */; };
		3F54A0CB14C35DD9003D5928 /* MNASGlyphInfo.m in Sources */ = {isa = PBXBuildFile; fileRef = 3F54A0C914C35DD9003D5928 /* MNASGlyphInfo.m */; };
		3F54A0CD14C36251003D5928 /* CoreText.framework in Frameworks */ = {isa = PBXBuildFile; fileRef = 3F54A0CC14C36251003D5928 /* CoreText.framework */; };
		3F54A0DC14C36BD7003D5928 /* MNASTextTab.m in Sources */ = {isa = PBXBuildFile; fileRef = 3F54A0DB14C36BD7003D5928 /* MNASTextTab.m */; };
		3F8561C314CAC06100B7FE8D /* MNASCharacterShape.m in Sources */ = {isa = PBXBuildFile; fileRef = 3F8561C214CAC06100B7FE8D /* MNASCharacterShape.m */; };
		3F8561C914CAC6AB00B7FE8D /* MNCoder.m in Sources */ = {isa = PBXBuildFile; fileRef = 3F8561C814CAC6AB00B7FE8D /* MNCoder.m */; };
		3F8561E114CB705700B7FE8D /* MNASKern.m in Sources */ = {isa = PBXBuildFile; fileRef = 3F8561E014CB705700B7FE8D /* MNASKern.m */; };
		3F8561EC14CB722300B7FE8D /* MNASLigature.m in Sources */ = {isa = PBXBuildFile; fileRef = 3F8561E914CB722300B7FE8D /* MNASLigature.m */; };
		3F8561ED14CB722300B7FE8D /* MNASStrokeWidth.m in Sources */ = {isa = PBXBuildFile; fileRef = 3F8561EB14CB722300B7FE8D /* MNASStrokeWidth.m */; };
		3F95E55914C751E70096CE62 /* EGOTextView.m in Sources */ = {isa = PBXBuildFile; fileRef = 3F95E54F14C751E70096CE62 /* EGOTextView.m */; };
		3F95E55A14C751E70096CE62 /* drag-dot@2x.png in Resources */ = {isa = PBXBuildFile; fileRef = 3F95E55114C751E70096CE62 /* drag-dot@2x.png */; };
		3F95E55B14C751E70096CE62 /* loupe-hi@2x.png in Resources */ = {isa = PBXBuildFile; fileRef = 3F95E55214C751E70096CE62 /* loupe-hi@2x.png */; };
		3F95E55C14C751E70096CE62 /* loupe-lo@2x.png in Resources */ = {isa = PBXBuildFile; fileRef = 3F95E55314C751E70096CE62 /* loupe-lo@2x.png */; };
		3F95E55D14C751E70096CE62 /* loupe-mask@2x.png in Resources */ = {isa = PBXBuildFile; fileRef = 3F95E55414C751E70096CE62 /* loupe-mask@2x.png */; };
		3F95E55E14C751E70096CE62 /* magnifier-ranged-hi@2x.png in Resources */ = {isa = PBXBuildFile; fileRef = 3F95E55514C751E70096CE62 /* magnifier-ranged-hi@2x.png */; };
		3F95E55F14C751E70096CE62 /* magnifier-ranged-lo-stemless@2x.png in Resources */ = {isa = PBXBuildFile; fileRef = 3F95E55614C751E70096CE62 /* magnifier-ranged-lo-stemless@2x.png */; };
		3F95E56014C751E70096CE62 /* magnifier-ranged-lo@2x.png in Resources */ = {isa = PBXBuildFile; fileRef = 3F95E55714C751E70096CE62 /* magnifier-ranged-lo@2x.png */; };
		3F95E56114C751E70096CE62 /* magnifier-ranged-mask@2x.png in Resources */ = {isa = PBXBuildFile; fileRef = 3F95E55814C751E70096CE62 /* magnifier-ranged-mask@2x.png */; };
		3F95E56814C753410096CE62 /* QuartzCore.framework in Frameworks */ = {isa = PBXBuildFile; fileRef = 3F95E56714C753410096CE62 /* QuartzCore.framework */; };
		3FD4555B14CC6DFE00D2AABF /* MNASSuperScript.m in Sources */ = {isa = PBXBuildFile; fileRef = 3FD4555A14CC6DFE00D2AABF /* MNASSuperScript.m */; };
		3FD4556214CC6EDF00D2AABF /* MNASUnderlineStyle.m in Sources */ = {isa = PBXBuildFile; fileRef = 3FD4556114CC6EDF00D2AABF /* MNASUnderlineStyle.m */; };
		3FD4556814CC708A00D2AABF /* MNASForegroundColor.m in Sources */ = {isa = PBXBuildFile; fileRef = 3FD4556714CC708A00D2AABF /* MNASForegroundColor.m */; };
		3FD4557314CC776A00D2AABF /* MNASStrokeColor.m in Sources */ = {isa = PBXBuildFile; fileRef = 3FD4557014CC776A00D2AABF /* MNASStrokeColor.m */; };
		3FD4557414CC776A00D2AABF /* MNASUnderlineColor.m in Sources */ = {isa = PBXBuildFile; fileRef = 3FD4557214CC776A00D2AABF /* MNASUnderlineColor.m */; };
		3FD4557A14CC7C1B00D2AABF /* MNASVerticalForms.m in Sources */ = {isa = PBXBuildFile; fileRef = 3FD4557914CC7C1B00D2AABF /* MNASVerticalForms.m */; };
		3FD4558014CC9BAB00D2AABF /* MNASFont.m in Sources */ = {isa = PBXBuildFile; fileRef = 3FD4557F14CC9BAB00D2AABF /* MNASFont.m */; };
/* End PBXBuildFile section */

/* Begin PBXFileReference section */
		3F18E42514B7D74600303392 /* iOS.app */ = {isa = PBXFileReference; explicitFileType = wrapper.application; includeInIndex = 0; path = iOS.app; sourceTree = BUILT_PRODUCTS_DIR; };
		3F18E42914B7D74600303392 /* UIKit.framework */ = {isa = PBXFileReference; lastKnownFileType = wrapper.framework; name = UIKit.framework; path = System/Library/Frameworks/UIKit.framework; sourceTree = SDKROOT; };
		3F18E42B14B7D74600303392 /* Foundation.framework */ = {isa = PBXFileReference; lastKnownFileType = wrapper.framework; name = Foundation.framework; path = System/Library/Frameworks/Foundation.framework; sourceTree = SDKROOT; };
		3F18E42D14B7D74600303392 /* CoreGraphics.framework */ = {isa = PBXFileReference; lastKnownFileType = wrapper.framework; name = CoreGraphics.framework; path = System/Library/Frameworks/CoreGraphics.framework; sourceTree = SDKROOT; };
		3F18E43114B7D74600303392 /* iOS-Info.plist */ = {isa = PBXFileReference; lastKnownFileType = text.plist.xml; path = "iOS-Info.plist"; sourceTree = "<group>"; };
		3F18E43314B7D74600303392 /* en */ = {isa = PBXFileReference; lastKnownFileType = text.plist.strings; name = en; path = en.lproj/InfoPlist.strings; sourceTree = "<group>"; };
		3F18E43514B7D74600303392 /* main.m */ = {isa = PBXFileReference; lastKnownFileType = sourcecode.c.objc; lineEnding = 0; path = main.m; sourceTree = "<group>"; xcLanguageSpecificationIdentifier = xcode.lang.objc; };
		3F18E43714B7D74600303392 /* iOS-Prefix.pch */ = {isa = PBXFileReference; lastKnownFileType = sourcecode.c.h; path = "iOS-Prefix.pch"; sourceTree = "<group>"; };
		3F18E43814B7D74600303392 /* MNAppDelegate.h */ = {isa = PBXFileReference; lastKnownFileType = sourcecode.c.h; lineEnding = 0; path = MNAppDelegate.h; sourceTree = "<group>"; xcLanguageSpecificationIdentifier = xcode.lang.objcpp; };
		3F18E43914B7D74600303392 /* MNAppDelegate.m */ = {isa = PBXFileReference; lastKnownFileType = sourcecode.c.objc; lineEnding = 0; path = MNAppDelegate.m; sourceTree = "<group>"; xcLanguageSpecificationIdentifier = xcode.lang.objc; };
		3F18E43B14B7D74600303392 /* MNViewController.h */ = {isa = PBXFileReference; lastKnownFileType = sourcecode.c.h; lineEnding = 0; path = MNViewController.h; sourceTree = "<group>"; xcLanguageSpecificationIdentifier = xcode.lang.objcpp; };
		3F18E43C14B7D74600303392 /* MNViewController.m */ = {isa = PBXFileReference; lastKnownFileType = sourcecode.c.objc; lineEnding = 0; path = MNViewController.m; sourceTree = "<group>"; xcLanguageSpecificationIdentifier = xcode.lang.objc; };
		3F18E43F14B7D74600303392 /* en */ = {isa = PBXFileReference; lastKnownFileType = file.xib; name = en; path = en.lproj/MNViewController.xib; sourceTree = "<group>"; };
		3F18E44B14B7D7A300303392 /* MNArchiver.h */ = {isa = PBXFileReference; fileEncoding = 4; lastKnownFileType = sourcecode.c.h; lineEnding = 0; path = MNArchiver.h; sourceTree = "<group>"; xcLanguageSpecificationIdentifier = xcode.lang.objcpp; };
		3F18E44C14B7D7A300303392 /* MNArchiver.m */ = {isa = PBXFileReference; fileEncoding = 4; lastKnownFileType = sourcecode.c.objc; lineEnding = 0; path = MNArchiver.m; sourceTree = "<group>"; xcLanguageSpecificationIdentifier = xcode.lang.objc; };
		3F18E45114B7D8C400303392 /* MNUnarchiver.h */ = {isa = PBXFileReference; fileEncoding = 4; lastKnownFileType = sourcecode.c.h; path = MNUnarchiver.h; sourceTree = "<group>"; };
		3F18E45214B7D8C800303392 /* MNUnarchiver.m */ = {isa = PBXFileReference; fileEncoding = 4; lastKnownFileType = sourcecode.c.objc; path = MNUnarchiver.m; sourceTree = "<group>"; };
		3F18E46514B7DB5800303392 /* MNFont.h */ = {isa = PBXFileReference; fileEncoding = 4; lastKnownFileType = sourcecode.c.h; name = MNFont.h; path = ../MNCoder/IntermediateObjects/MNFont.h; sourceTree = "<group>"; };
		3F18E46614B7DB5800303392 /* MNFont.m */ = {isa = PBXFileReference; fileEncoding = 4; lastKnownFileType = sourcecode.c.objc; name = MNFont.m; path = ../MNCoder/IntermediateObjects/MNFont.m; sourceTree = "<group>"; };
		3F18E46714B7DB5800303392 /* MNColor.h */ = {isa = PBXFileReference; fileEncoding = 4; lastKnownFileType = sourcecode.c.h; name = MNColor.h; path = ../MNCoder/IntermediateObjects/MNColor.h; sourceTree = "<group>"; };
		3F18E46814B7DB5800303392 /* MNColor.m */ = {isa = PBXFileReference; fileEncoding = 4; lastKnownFileType = sourcecode.c.objc; name = MNColor.m; path = ../MNCoder/IntermediateObjects/MNColor.m; sourceTree = "<group>"; };
		3F2E56DD14B82A4F00B9A12E /* MNCIntermediateObjectProtocol.h */ = {isa = PBXFileReference; fileEncoding = 4; lastKnownFileType = sourcecode.c.h; path = MNCIntermediateObjectProtocol.h; sourceTree = "<group>"; };
		3F54A0AE14C35365003D5928 /* MNAttributedString.h */ = {isa = PBXFileReference; fileEncoding = 4; lastKnownFileType = sourcecode.c.h; name = MNAttributedString.h; path = ../MNCoder/IntermediateObjects/MNAttributedString.h; sourceTree = "<group>"; };
		3F54A0AF14C35365003D5928 /* MNAttributedString.m */ = {isa = PBXFileReference; fileEncoding = 4; lastKnownFileType = sourcecode.c.objc; name = MNAttributedString.m; path = ../MNCoder/IntermediateObjects/MNAttributedString.m; sourceTree = "<group>"; };
		3F54A0C614C35DD9003D5928 /* MNASParagraphyStyle.h */ = {isa = PBXFileReference; fileEncoding = 4; lastKnownFileType = sourcecode.c.h; lineEnding = 0; path = MNASParagraphyStyle.h; sourceTree = "<group>"; xcLanguageSpecificationIdentifier = xcode.lang.objcpp; };
		3F54A0C714C35DD9003D5928 /* MNASParagraphyStyle.m */ = {isa = PBXFileReference; fileEncoding = 4; lastKnownFileType = sourcecode.c.objc; lineEnding = 0; path = MNASParagraphyStyle.m; sourceTree = "<group>"; xcLanguageSpecificationIdentifier = xcode.lang.objc; };
		3F54A0C814C35DD9003D5928 /* MNASGlyphInfo.h */ = {isa = PBXFileReference; fileEncoding = 4; lastKnownFileType = sourcecode.c.h; lineEnding = 0; path = MNASGlyphInfo.h; sourceTree = "<group>"; xcLanguageSpecificationIdentifier = xcode.lang.objcpp; };
		3F54A0C914C35DD9003D5928 /* MNASGlyphInfo.m */ = {isa = PBXFileReference; fileEncoding = 4; lastKnownFileType = sourcecode.c.objc; lineEnding = 0; path = MNASGlyphInfo.m; sourceTree = "<group>"; xcLanguageSpecificationIdentifier = xcode.lang.objc; };
		3F54A0CC14C36251003D5928 /* CoreText.framework */ = {isa = PBXFileReference; lastKnownFileType = wrapper.framework; name = CoreText.framework; path = System/Library/Frameworks/CoreText.framework; sourceTree = SDKROOT; };
		3F54A0DA14C36BD7003D5928 /* MNASTextTab.h */ = {isa = PBXFileReference; fileEncoding = 4; lastKnownFileType = sourcecode.c.h; path = MNASTextTab.h; sourceTree = "<group>"; };
		3F54A0DB14C36BD7003D5928 /* MNASTextTab.m */ = {isa = PBXFileReference; fileEncoding = 4; lastKnownFileType = sourcecode.c.objc; path = MNASTextTab.m; sourceTree = "<group>"; };
		3F8561C114CAC06100B7FE8D /* MNASCharacterShape.h */ = {isa = PBXFileReference; fileEncoding = 4; lastKnownFileType = sourcecode.c.h; lineEnding = 0; path = MNASCharacterShape.h; sourceTree = "<group>"; xcLanguageSpecificationIdentifier = xcode.lang.objcpp; };
		3F8561C214CAC06100B7FE8D /* MNASCharacterShape.m */ = {isa = PBXFileReference; fileEncoding = 4; lastKnownFileType = sourcecode.c.objc; lineEnding = 0; path = MNASCharacterShape.m; sourceTree = "<group>"; xcLanguageSpecificationIdentifier = xcode.lang.objc; };
		3F8561C714CAC6AB00B7FE8D /* MNCoder.h */ = {isa = PBXFileReference; fileEncoding = 4; lastKnownFileType = sourcecode.c.h; path = MNCoder.h; sourceTree = "<group>"; };
		3F8561C814CAC6AB00B7FE8D /* MNCoder.m */ = {isa = PBXFileReference; fileEncoding = 4; lastKnownFileType = sourcecode.c.objc; path = MNCoder.m; sourceTree = "<group>"; };
		3F8561DF14CB705700B7FE8D /* MNASKern.h */ = {isa = PBXFileReference; fileEncoding = 4; lastKnownFileType = sourcecode.c.h; lineEnding = 0; path = MNASKern.h; sourceTree = "<group>"; xcLanguageSpecificationIdentifier = xcode.lang.objcpp; };
		3F8561E014CB705700B7FE8D /* MNASKern.m */ = {isa = PBXFileReference; fileEncoding = 4; lastKnownFileType = sourcecode.c.objc; lineEnding = 0; path = MNASKern.m; sourceTree = "<group>"; xcLanguageSpecificationIdentifier = xcode.lang.objc; };
		3F8561E814CB722300B7FE8D /* MNASLigature.h */ = {isa = PBXFileReference; fileEncoding = 4; lastKnownFileType = sourcecode.c.h; lineEnding = 0; path = MNASLigature.h; sourceTree = "<group>"; xcLanguageSpecificationIdentifier = xcode.lang.objcpp; };
		3F8561E914CB722300B7FE8D /* MNASLigature.m */ = {isa = PBXFileReference; fileEncoding = 4; lastKnownFileType = sourcecode.c.objc; lineEnding = 0; path = MNASLigature.m; sourceTree = "<group>"; xcLanguageSpecificationIdentifier = xcode.lang.objc; };
		3F8561EA14CB722300B7FE8D /* MNASStrokeWidth.h */ = {isa = PBXFileReference; fileEncoding = 4; lastKnownFileType = sourcecode.c.h; lineEnding = 0; path = MNASStrokeWidth.h; sourceTree = "<group>"; xcLanguageSpecificationIdentifier = xcode.lang.objcpp; };
		3F8561EB14CB722300B7FE8D /* MNASStrokeWidth.m */ = {isa = PBXFileReference; fileEncoding = 4; lastKnownFileType = sourcecode.c.objc; lineEnding = 0; path = MNASStrokeWidth.m; sourceTree = "<group>"; xcLanguageSpecificationIdentifier = xcode.lang.objc; };
		3F95E54E14C751E70096CE62 /* EGOTextView.h */ = {isa = PBXFileReference; fileEncoding = 4; lastKnownFileType = sourcecode.c.h; path = EGOTextView.h; sourceTree = "<group>"; };
		3F95E54F14C751E70096CE62 /* EGOTextView.m */ = {isa = PBXFileReference; fileEncoding = 4; lastKnownFileType = sourcecode.c.objc; path = EGOTextView.m; sourceTree = "<group>"; };
		3F95E55114C751E70096CE62 /* drag-dot@2x.png */ = {isa = PBXFileReference; lastKnownFileType = image.png; path = "drag-dot@2x.png"; sourceTree = "<group>"; };
		3F95E55214C751E70096CE62 /* loupe-hi@2x.png */ = {isa = PBXFileReference; lastKnownFileType = image.png; path = "loupe-hi@2x.png"; sourceTree = "<group>"; };
		3F95E55314C751E70096CE62 /* loupe-lo@2x.png */ = {isa = PBXFileReference; lastKnownFileType = image.png; path = "loupe-lo@2x.png"; sourceTree = "<group>"; };
		3F95E55414C751E70096CE62 /* loupe-mask@2x.png */ = {isa = PBXFileReference; lastKnownFileType = image.png; path = "loupe-mask@2x.png"; sourceTree = "<group>"; };
		3F95E55514C751E70096CE62 /* magnifier-ranged-hi@2x.png */ = {isa = PBXFileReference; lastKnownFileType = image.png; path = "magnifier-ranged-hi@2x.png"; sourceTree = "<group>"; };
		3F95E55614C751E70096CE62 /* magnifier-ranged-lo-stemless@2x.png */ = {isa = PBXFileReference; lastKnownFileType = image.png; path = "magnifier-ranged-lo-stemless@2x.png"; sourceTree = "<group>"; };
		3F95E55714C751E70096CE62 /* magnifier-ranged-lo@2x.png */ = {isa = PBXFileReference; lastKnownFileType = image.png; path = "magnifier-ranged-lo@2x.png"; sourceTree = "<group>"; };
		3F95E55814C751E70096CE62 /* magnifier-ranged-mask@2x.png */ = {isa = PBXFileReference; lastKnownFileType = image.png; path = "magnifier-ranged-mask@2x.png"; sourceTree = "<group>"; };
		3F95E56714C753410096CE62 /* QuartzCore.framework */ = {isa = PBXFileReference; lastKnownFileType = wrapper.framework; name = QuartzCore.framework; path = System/Library/Frameworks/QuartzCore.framework; sourceTree = SDKROOT; };
		3FD4555914CC6DFE00D2AABF /* MNASSuperScript.h */ = {isa = PBXFileReference; fileEncoding = 4; lastKnownFileType = sourcecode.c.h; lineEnding = 0; path = MNASSuperScript.h; sourceTree = "<group>"; xcLanguageSpecificationIdentifier = xcode.lang.objcpp; };
		3FD4555A14CC6DFE00D2AABF /* MNASSuperScript.m */ = {isa = PBXFileReference; fileEncoding = 4; lastKnownFileType = sourcecode.c.objc; lineEnding = 0; path = MNASSuperScript.m; sourceTree = "<group>"; xcLanguageSpecificationIdentifier = xcode.lang.objc; };
		3FD4556014CC6EDF00D2AABF /* MNASUnderlineStyle.h */ = {isa = PBXFileReference; fileEncoding = 4; lastKnownFileType = sourcecode.c.h; path = MNASUnderlineStyle.h; sourceTree = "<group>"; };
		3FD4556114CC6EDF00D2AABF /* MNASUnderlineStyle.m */ = {isa = PBXFileReference; fileEncoding = 4; lastKnownFileType = sourcecode.c.objc; path = MNASUnderlineStyle.m; sourceTree = "<group>"; };
		3FD4556614CC708A00D2AABF /* MNASForegroundColor.h */ = {isa = PBXFileReference; fileEncoding = 4; lastKnownFileType = sourcecode.c.h; lineEnding = 0; path = MNASForegroundColor.h; sourceTree = "<group>"; xcLanguageSpecificationIdentifier = xcode.lang.objcpp; };
		3FD4556714CC708A00D2AABF /* MNASForegroundColor.m */ = {isa = PBXFileReference; fileEncoding = 4; lastKnownFileType = sourcecode.c.objc; lineEnding = 0; path = MNASForegroundColor.m; sourceTree = "<group>"; xcLanguageSpecificationIdentifier = xcode.lang.objc; };
		3FD4556F14CC776A00D2AABF /* MNASStrokeColor.h */ = {isa = PBXFileReference; fileEncoding = 4; lastKnownFileType = sourcecode.c.h; lineEnding = 0; path = MNASStrokeColor.h; sourceTree = "<group>"; xcLanguageSpecificationIdentifier = xcode.lang.objcpp; };
		3FD4557014CC776A00D2AABF /* MNASStrokeColor.m */ = {isa = PBXFileReference; fileEncoding = 4; lastKnownFileType = sourcecode.c.objc; lineEnding = 0; path = MNASStrokeColor.m; sourceTree = "<group>"; xcLanguageSpecificationIdentifier = xcode.lang.objc; };
		3FD4557114CC776A00D2AABF /* MNASUnderlineColor.h */ = {isa = PBXFileReference; fileEncoding = 4; lastKnownFileType = sourcecode.c.h; path = MNASUnderlineColor.h; sourceTree = "<group>"; };
		3FD4557214CC776A00D2AABF /* MNASUnderlineColor.m */ = {isa = PBXFileReference; fileEncoding = 4; lastKnownFileType = sourcecode.c.objc; path = MNASUnderlineColor.m; sourceTree = "<group>"; };
		3FD4557814CC7C1B00D2AABF /* MNASVerticalForms.h */ = {isa = PBXFileReference; fileEncoding = 4; lastKnownFileType = sourcecode.c.h; path = MNASVerticalForms.h; sourceTree = "<group>"; };
		3FD4557914CC7C1B00D2AABF /* MNASVerticalForms.m */ = {isa = PBXFileReference; fileEncoding = 4; lastKnownFileType = sourcecode.c.objc; path = MNASVerticalForms.m; sourceTree = "<group>"; };
		3FD4557E14CC9BAB00D2AABF /* MNASFont.h */ = {isa = PBXFileReference; fileEncoding = 4; lastKnownFileType = sourcecode.c.h; lineEnding = 0; path = MNASFont.h; sourceTree = "<group>"; xcLanguageSpecificationIdentifier = xcode.lang.objcpp; };
		3FD4557F14CC9BAB00D2AABF /* MNASFont.m */ = {isa = PBXFileReference; fileEncoding = 4; lastKnownFileType = sourcecode.c.objc; lineEnding = 0; path = MNASFont.m; sourceTree = "<group>"; xcLanguageSpecificationIdentifier = xcode.lang.objc; };
/* End PBXFileReference section */

/* Begin PBXFrameworksBuildPhase section */
		3F18E42214B7D74600303392 /* Frameworks */ = {
			isa = PBXFrameworksBuildPhase;
			buildActionMask = 2147483647;
			files = (
				3F95E56814C753410096CE62 /* QuartzCore.framework in Frameworks */,
				3F54A0CD14C36251003D5928 /* CoreText.framework in Frameworks */,
				3F18E42A14B7D74600303392 /* UIKit.framework in Frameworks */,
				3F18E42C14B7D74600303392 /* Foundation.framework in Frameworks */,
				3F18E42E14B7D74600303392 /* CoreGraphics.framework in Frameworks */,
			);
			runOnlyForDeploymentPostprocessing = 0;
		};
/* End PBXFrameworksBuildPhase section */

/* Begin PBXGroup section */
		3F18E41A14B7D74600303392 = {
			isa = PBXGroup;
			children = (
				3F95E54D14C751E70096CE62 /* EGOTextView */,
				3F18E44A14B7D7A300303392 /* MNCoder */,
				3F18E42F14B7D74600303392 /* iOS */,
				3F18E42814B7D74600303392 /* Frameworks */,
				3F18E42614B7D74600303392 /* Products */,
			);
			sourceTree = "<group>";
		};
		3F18E42614B7D74600303392 /* Products */ = {
			isa = PBXGroup;
			children = (
				3F18E42514B7D74600303392 /* iOS.app */,
			);
			name = Products;
			sourceTree = "<group>";
		};
		3F18E42814B7D74600303392 /* Frameworks */ = {
			isa = PBXGroup;
			children = (
				3F95E56714C753410096CE62 /* QuartzCore.framework */,
				3F54A0CC14C36251003D5928 /* CoreText.framework */,
				3F18E42914B7D74600303392 /* UIKit.framework */,
				3F18E42B14B7D74600303392 /* Foundation.framework */,
				3F18E42D14B7D74600303392 /* CoreGraphics.framework */,
			);
			name = Frameworks;
			sourceTree = "<group>";
		};
		3F18E42F14B7D74600303392 /* iOS */ = {
			isa = PBXGroup;
			children = (
				3F18E43814B7D74600303392 /* MNAppDelegate.h */,
				3F18E43914B7D74600303392 /* MNAppDelegate.m */,
				3F18E43B14B7D74600303392 /* MNViewController.h */,
				3F18E43C14B7D74600303392 /* MNViewController.m */,
				3F18E43E14B7D74600303392 /* MNViewController.xib */,
				3F18E43014B7D74600303392 /* Supporting Files */,
			);
			path = iOS;
			sourceTree = "<group>";
		};
		3F18E43014B7D74600303392 /* Supporting Files */ = {
			isa = PBXGroup;
			children = (
				3F18E43114B7D74600303392 /* iOS-Info.plist */,
				3F18E43214B7D74600303392 /* InfoPlist.strings */,
				3F18E43514B7D74600303392 /* main.m */,
				3F18E43714B7D74600303392 /* iOS-Prefix.pch */,
			);
			name = "Supporting Files";
			sourceTree = "<group>";
		};
		3F18E44A14B7D7A300303392 /* MNCoder */ = {
			isa = PBXGroup;
			children = (
				3F8561C714CAC6AB00B7FE8D /* MNCoder.h */,
				3F8561C814CAC6AB00B7FE8D /* MNCoder.m */,
				3F2E56DD14B82A4F00B9A12E /* MNCIntermediateObjectProtocol.h */,
				3F18E46414B7DB5800303392 /* Intermediate Objects */,
				3F18E45114B7D8C400303392 /* MNUnarchiver.h */,
				3F18E45214B7D8C800303392 /* MNUnarchiver.m */,
				3F18E44B14B7D7A300303392 /* MNArchiver.h */,
				3F18E44C14B7D7A300303392 /* MNArchiver.m */,
			);
			name = MNCoder;
			path = ../MNCoder;
			sourceTree = "<group>";
		};
		3F18E46414B7DB5800303392 /* Intermediate Objects */ = {
			isa = PBXGroup;
			children = (
				3F54A0AE14C35365003D5928 /* MNAttributedString.h */,
				3F54A0AF14C35365003D5928 /* MNAttributedString.m */,
				3F54A0AD14C35365003D5928 /* NSAttributedStrings */,
				3F18E46514B7DB5800303392 /* MNFont.h */,
				3F18E46614B7DB5800303392 /* MNFont.m */,
				3F18E46714B7DB5800303392 /* MNColor.h */,
				3F18E46814B7DB5800303392 /* MNColor.m */,
			);
			name = "Intermediate Objects";
			path = ../Mac;
			sourceTree = "<group>";
		};
		3F54A0AD14C35365003D5928 /* NSAttributedStrings */ = {
			isa = PBXGroup;
			children = (
				3FD4557E14CC9BAB00D2AABF /* MNASFont.h */,
				3FD4557F14CC9BAB00D2AABF /* MNASFont.m */,
				3F8561C114CAC06100B7FE8D /* MNASCharacterShape.h */,
				3F8561C214CAC06100B7FE8D /* MNASCharacterShape.m */,
				3F54A0C614C35DD9003D5928 /* MNASParagraphyStyle.h */,
				3F54A0C714C35DD9003D5928 /* MNASParagraphyStyle.m */,
				3F54A0C814C35DD9003D5928 /* MNASGlyphInfo.h */,
				3F54A0C914C35DD9003D5928 /* MNASGlyphInfo.m */,
				3F54A0DA14C36BD7003D5928 /* MNASTextTab.h */,
				3F54A0DB14C36BD7003D5928 /* MNASTextTab.m */,
				3F8561DF14CB705700B7FE8D /* MNASKern.h */,
				3F8561E014CB705700B7FE8D /* MNASKern.m */,
				3F8561E814CB722300B7FE8D /* MNASLigature.h */,
				3F8561E914CB722300B7FE8D /* MNASLigature.m */,
				3F8561EA14CB722300B7FE8D /* MNASStrokeWidth.h */,
				3F8561EB14CB722300B7FE8D /* MNASStrokeWidth.m */,
				3FD4555914CC6DFE00D2AABF /* MNASSuperScript.h */,
				3FD4555A14CC6DFE00D2AABF /* MNASSuperScript.m */,
				3FD4556014CC6EDF00D2AABF /* MNASUnderlineStyle.h */,
				3FD4556114CC6EDF00D2AABF /* MNASUnderlineStyle.m */,
				3FD4556614CC708A00D2AABF /* MNASForegroundColor.h */,
				3FD4556714CC708A00D2AABF /* MNASForegroundColor.m */,
				3FD4556F14CC776A00D2AABF /* MNASStrokeColor.h */,
				3FD4557014CC776A00D2AABF /* MNASStrokeColor.m */,
				3FD4557114CC776A00D2AABF /* MNASUnderlineColor.h */,
				3FD4557214CC776A00D2AABF /* MNASUnderlineColor.m */,
				3FD4557814CC7C1B00D2AABF /* MNASVerticalForms.h */,
				3FD4557914CC7C1B00D2AABF /* MNASVerticalForms.m */,
			);
			name = NSAttributedStrings;
			path = ../MNCoder/IntermediateObjects/NSAttributedStrings;
			sourceTree = "<group>";
		};
		3F95E54D14C751E70096CE62 /* EGOTextView */ = {
			isa = PBXGroup;
			children = (
				3F95E54E14C751E70096CE62 /* EGOTextView.h */,
				3F95E54F14C751E70096CE62 /* EGOTextView.m */,
				3F95E55014C751E70096CE62 /* Resources */,
			);
			name = EGOTextView;
			path = ../Vendor/EGOTextView/EGOTextView;
			sourceTree = "<group>";
		};
		3F95E55014C751E70096CE62 /* Resources */ = {
			isa = PBXGroup;
			children = (
				3F95E55114C751E70096CE62 /* drag-dot@2x.png */,
				3F95E55214C751E70096CE62 /* loupe-hi@2x.png */,
				3F95E55314C751E70096CE62 /* loupe-lo@2x.png */,
				3F95E55414C751E70096CE62 /* loupe-mask@2x.png */,
				3F95E55514C751E70096CE62 /* magnifier-ranged-hi@2x.png */,
				3F95E55614C751E70096CE62 /* magnifier-ranged-lo-stemless@2x.png */,
				3F95E55714C751E70096CE62 /* magnifier-ranged-lo@2x.png */,
				3F95E55814C751E70096CE62 /* magnifier-ranged-mask@2x.png */,
			);
			path = Resources;
			sourceTree = "<group>";
		};
/* End PBXGroup section */

/* Begin PBXNativeTarget section */
		3F18E42414B7D74600303392 /* iOS */ = {
			isa = PBXNativeTarget;
			buildConfigurationList = 3F18E44314B7D74600303392 /* Build configuration list for PBXNativeTarget "iOS" */;
			buildPhases = (
				3F18E42114B7D74600303392 /* Sources */,
				3F18E42214B7D74600303392 /* Frameworks */,
				3F18E42314B7D74600303392 /* Resources */,
			);
			buildRules = (
			);
			dependencies = (
			);
			name = iOS;
			productName = iOS;
			productReference = 3F18E42514B7D74600303392 /* iOS.app */;
			productType = "com.apple.product-type.application";
		};
/* End PBXNativeTarget section */

/* Begin PBXProject section */
		3F18E41C14B7D74600303392 /* Project object */ = {
			isa = PBXProject;
			attributes = {
				LastUpgradeCheck = 0430;
			};
			buildConfigurationList = 3F18E41F14B7D74600303392 /* Build configuration list for PBXProject "iOS" */;
			compatibilityVersion = "Xcode 3.2";
			developmentRegion = English;
			hasScannedForEncodings = 0;
			knownRegions = (
				en,
			);
			mainGroup = 3F18E41A14B7D74600303392;
			productRefGroup = 3F18E42614B7D74600303392 /* Products */;
			projectDirPath = "";
			projectRoot = "";
			targets = (
				3F18E42414B7D74600303392 /* iOS */,
			);
		};
/* End PBXProject section */

/* Begin PBXResourcesBuildPhase section */
		3F18E42314B7D74600303392 /* Resources */ = {
			isa = PBXResourcesBuildPhase;
			buildActionMask = 2147483647;
			files = (
				3F18E43414B7D74600303392 /* InfoPlist.strings in Resources */,
				3F18E44014B7D74600303392 /* MNViewController.xib in Resources */,
				3F95E55A14C751E70096CE62 /* drag-dot@2x.png in Resources */,
				3F95E55B14C751E70096CE62 /* loupe-hi@2x.png in Resources */,
				3F95E55C14C751E70096CE62 /* loupe-lo@2x.png in Resources */,
				3F95E55D14C751E70096CE62 /* loupe-mask@2x.png in Resources */,
				3F95E55E14C751E70096CE62 /* magnifier-ranged-hi@2x.png in Resources */,
				3F95E55F14C751E70096CE62 /* magnifier-ranged-lo-stemless@2x.png in Resources */,
				3F95E56014C751E70096CE62 /* magnifier-ranged-lo@2x.png in Resources */,
				3F95E56114C751E70096CE62 /* magnifier-ranged-mask@2x.png in Resources */,
			);
			runOnlyForDeploymentPostprocessing = 0;
		};
/* End PBXResourcesBuildPhase section */

/* Begin PBXSourcesBuildPhase section */
		3F18E42114B7D74600303392 /* Sources */ = {
			isa = PBXSourcesBuildPhase;
			buildActionMask = 2147483647;
			files = (
				3F18E43614B7D74600303392 /* main.m in Sources */,
				3F18E43A14B7D74600303392 /* MNAppDelegate.m in Sources */,
				3F18E43D14B7D74600303392 /* MNViewController.m in Sources */,
				3F18E44D14B7D7A300303392 /* MNArchiver.m in Sources */,
				3F18E45314B7D8C800303392 /* MNUnarchiver.m in Sources */,
				3F18E46914B7DB5800303392 /* MNFont.m in Sources */,
				3F18E46A14B7DB5800303392 /* MNColor.m in Sources */,
				3F54A0B014C35365003D5928 /* MNAttributedString.m in Sources */,
				3F54A0CA14C35DD9003D5928 /* MNASParagraphyStyle.m in Sources */,
				3F54A0CB14C35DD9003D5928 /* MNASGlyphInfo.m in Sources */,
				3F54A0DC14C36BD7003D5928 /* MNASTextTab.m in Sources */,
				3F95E55914C751E70096CE62 /* EGOTextView.m in Sources */,
				3F8561C314CAC06100B7FE8D /* MNASCharacterShape.m in Sources */,
				3F8561C914CAC6AB00B7FE8D /* MNCoder.m in Sources */,
				3F8561E114CB705700B7FE8D /* MNASKern.m in Sources */,
				3F8561EC14CB722300B7FE8D /* MNASLigature.m in Sources */,
				3F8561ED14CB722300B7FE8D /* MNASStrokeWidth.m in Sources */,
				3FD4555B14CC6DFE00D2AABF /* MNASSuperScript.m in Sources */,
				3FD4556214CC6EDF00D2AABF /* MNASUnderlineStyle.m in Sources */,
				3FD4556814CC708A00D2AABF /* MNASForegroundColor.m in Sources */,
				3FD4557314CC776A00D2AABF /* MNASStrokeColor.m in Sources */,
				3FD4557414CC776A00D2AABF /* MNASUnderlineColor.m in Sources */,
				3FD4557A14CC7C1B00D2AABF /* MNASVerticalForms.m in Sources */,
				3FD4558014CC9BAB00D2AABF /* MNASFont.m in Sources */,
			);
			runOnlyForDeploymentPostprocessing = 0;
		};
/* End PBXSourcesBuildPhase section */

/* Begin PBXVariantGroup section */
		3F18E43214B7D74600303392 /* InfoPlist.strings */ = {
			isa = PBXVariantGroup;
			children = (
				3F18E43314B7D74600303392 /* en */,
			);
			name = InfoPlist.strings;
			sourceTree = "<group>";
		};
		3F18E43E14B7D74600303392 /* MNViewController.xib */ = {
			isa = PBXVariantGroup;
			children = (
				3F18E43F14B7D74600303392 /* en */,
			);
			name = MNViewController.xib;
			sourceTree = "<group>";
		};
/* End PBXVariantGroup section */

/* Begin XCBuildConfiguration section */
		3F18E44114B7D74600303392 /* Debug */ = {
			isa = XCBuildConfiguration;
			buildSettings = {
				ALWAYS_SEARCH_USER_PATHS = NO;
				ARCHS = "$(ARCHS_STANDARD_32_BIT)";
				"CODE_SIGN_IDENTITY[sdk=iphoneos*]" = "iPhone Developer";
				COPY_PHASE_STRIP = NO;
				GCC_C_LANGUAGE_STANDARD = gnu99;
				GCC_DYNAMIC_NO_PIC = NO;
				GCC_OPTIMIZATION_LEVEL = 0;
				GCC_PREPROCESSOR_DEFINITIONS = (
					"DEBUG=1",
					"$(inherited)",
				);
				GCC_SYMBOLS_PRIVATE_EXTERN = NO;
				GCC_VERSION = com.apple.compilers.llvm.clang.1_0;
				GCC_WARN_ABOUT_MISSING_PROTOTYPES = YES;
				GCC_WARN_ABOUT_RETURN_TYPE = YES;
				GCC_WARN_UNUSED_VARIABLE = YES;
				IPHONEOS_DEPLOYMENT_TARGET = 5.0;
				SDKROOT = iphoneos;
			};
			name = Debug;
		};
		3F18E44214B7D74600303392 /* Release */ = {
			isa = XCBuildConfiguration;
			buildSettings = {
				ALWAYS_SEARCH_USER_PATHS = NO;
				ARCHS = "$(ARCHS_STANDARD_32_BIT)";
				"CODE_SIGN_IDENTITY[sdk=iphoneos*]" = "iPhone Developer";
				COPY_PHASE_STRIP = YES;
				GCC_C_LANGUAGE_STANDARD = gnu99;
				GCC_VERSION = com.apple.compilers.llvm.clang.1_0;
				GCC_WARN_ABOUT_MISSING_PROTOTYPES = YES;
				GCC_WARN_ABOUT_RETURN_TYPE = YES;
				GCC_WARN_UNUSED_VARIABLE = YES;
				IPHONEOS_DEPLOYMENT_TARGET = 5.0;
				OTHER_CFLAGS = "-DNS_BLOCK_ASSERTIONS=1";
				SDKROOT = iphoneos;
				VALIDATE_PRODUCT = YES;
			};
			name = Release;
		};
		3F18E44414B7D74600303392 /* Debug */ = {
			isa = XCBuildConfiguration;
			buildSettings = {
				GCC_PRECOMPILE_PREFIX_HEADER = YES;
				GCC_PREFIX_HEADER = "iOS/iOS-Prefix.pch";
				INFOPLIST_FILE = "iOS/iOS-Info.plist";
				PRODUCT_NAME = "$(TARGET_NAME)";
				WRAPPER_EXTENSION = app;
			};
			name = Debug;
		};
		3F18E44514B7D74600303392 /* Release */ = {
			isa = XCBuildConfiguration;
			buildSettings = {
				GCC_PRECOMPILE_PREFIX_HEADER = YES;
				GCC_PREFIX_HEADER = "iOS/iOS-Prefix.pch";
				INFOPLIST_FILE = "iOS/iOS-Info.plist";
				PRODUCT_NAME = "$(TARGET_NAME)";
				WRAPPER_EXTENSION = app;
			};
			name = Release;
		};
/* End XCBuildConfiguration section */

/* Begin XCConfigurationList section */
		3F18E41F14B7D74600303392 /* Build configuration list for PBXProject "iOS" */ = {
			isa = XCConfigurationList;
			buildConfigurations = (
				3F18E44114B7D74600303392 /* Debug */,
				3F18E44214B7D74600303392 /* Release */,
			);
			defaultConfigurationIsVisible = 0;
			defaultConfigurationName = Release;
		};
		3F18E44314B7D74600303392 /* Build configuration list for PBXNativeTarget "iOS" */ = {
			isa = XCConfigurationList;
			buildConfigurations = (
				3F18E44414B7D74600303392 /* Debug */,
				3F18E44514B7D74600303392 /* Release */,
			);
			defaultConfigurationIsVisible = 0;
			defaultConfigurationName = Release;
		};
/* End XCConfigurationList section */
	};
	rootObject = 3F18E41C14B7D74600303392 /* Project object */;
}
